
Microsoft Visual Studio Solution File, Format Version 12.00
# Visual Studio Version 17
VisualStudioVersion = 17.2.32602.215
MinimumVisualStudioVersion = 10.0.40219.1
Project("{FAE04EC0-301F-11D3-BF4B-00C04F79EFBC}") = "ConsoleWorkerFullTest", "ConsoleWorkerFullTest\ConsoleWorkerFullTest.csproj", "{2D1D6A18-F06C-4D34-BA99-2443D95C3A4F}"
EndProject
Global
	GlobalSection(SolutionConfigurationPlatforms) = preSolution
		Debug|Any CPU = Debug|Any CPU
		Release|Any CPU = Release|Any CPU
	EndGlobalSection
	GlobalSection(ProjectConfigurationPlatforms) = postSolution
		{2D1D6A18-F06C-4D34-BA99-2443D95C3A4F}.Debug|Any CPU.ActiveCfg = Debug|Any CPU
		{2D1D6A18-F06C-4D34-BA99-2443D95C3A4F}.Debug|Any CPU.Build.0 = Debug|Any CPU
		{2D1D6A18-F06C-4D34-BA99-2443D95C3A4F}.Release|Any CPU.ActiveCfg = Release|Any CPU
		{2D1D6A18-F06C-4D34-BA99-2443D95C3A4F}.Release|Any CPU.Build.0 = Release|Any CPU
	EndGlobalSection
	GlobalSection(SolutionProperties) = preSolution
		HideSolutionNode = FALSE
	EndGlobalSection
	GlobalSection(ExtensibilityGlobals) = postSolution
		SolutionGuid = {E85A3685-D393-4918-B60A-0AEAED0EEA1B}
	EndGlobalSection
EndGlobal
